
Microsoft Visual Studio Solution File, Format Version 12.00
# Visual Studio Version 16
VisualStudioVersion = 16.0.29411.108
MinimumVisualStudioVersion = 10.0.40219.1
Project("{FAE04EC0-301F-11D3-BF4B-00C04F79EFBC}") = "UnipiLabs", "UnipiLabs.csproj", "{48029B63-1F91-46B6-A66E-9176A42B0224}"
EndProject
Global
	GlobalSection(SolutionConfigurationPlatforms) = preSolution
		Debug|Any CPU = Debug|Any CPU
		Release|Any CPU = Release|Any CPU
	EndGlobalSection
	GlobalSection(ProjectConfigurationPlatforms) = postSolution
		{48029B63-1F91-46B6-A66E-9176A42B0224}.Debug|Any CPU.ActiveCfg = Debug|Any CPU
		{48029B63-1F91-46B6-A66E-9176A42B0224}.Debug|Any CPU.Build.0 = Debug|Any CPU
		{48029B63-1F91-46B6-A66E-9176A42B0224}.Release|Any CPU.ActiveCfg = Release|Any CPU
		{48029B63-1F91-46B6-A66E-9176A42B0224}.Release|Any CPU.Build.0 = Release|Any CPU
	EndGlobalSection
	GlobalSection(SolutionProperties) = preSolution
		HideSolutionNode = FALSE
	EndGlobalSection
	GlobalSection(ExtensibilityGlobals) = postSolution
		SolutionGuid = {118B950A-3E33-403C-A4E5-A89F2FA4084A}
	EndGlobalSection
EndGlobal
